
Microsoft Visual Studio Solution File, Format Version 12.00
# Visual Studio 2012
Project("{FAE04EC0-301F-11D3-BF4B-00C04F79EFBC}") = "AnotherTest", "AnotherTest\AnotherTest.csproj", "{FEB5E0CB-3F93-419F-84D1-7BA629CDB536}"
EndProject
Global
	GlobalSection(SolutionConfigurationPlatforms) = preSolution
		Debug|Any CPU = Debug|Any CPU
		Release|Any CPU = Release|Any CPU
	EndGlobalSection
	GlobalSection(ProjectConfigurationPlatforms) = postSolution
		{FEB5E0CB-3F93-419F-84D1-7BA629CDB536}.Debug|Any CPU.ActiveCfg = Debug|Any CPU
		{FEB5E0CB-3F93-419F-84D1-7BA629CDB536}.Debug|Any CPU.Build.0 = Debug|Any CPU
		{FEB5E0CB-3F93-419F-84D1-7BA629CDB536}.Release|Any CPU.ActiveCfg = Release|Any CPU
		{FEB5E0CB-3F93-419F-84D1-7BA629CDB536}.Release|Any CPU.Build.0 = Release|Any CPU
	EndGlobalSection
	GlobalSection(SolutionProperties) = preSolution
		HideSolutionNode = FALSE
	EndGlobalSection
EndGlobal
